PODS:
  - AMZAlertController (1.0.2):
    - AppmazoUIKit (~> 1.0.4)
  - AppmazoFoundation (1.0.1)
  - AppmazoUIKit (1.0.4):
    - AppmazoFoundation (~> 1.0.1)

DEPENDENCIES:
  - AMZAlertController (from `../`)
  - AppmazoUIKit

SPEC REPOS:
  https://github.com/cocoapods/specs.git:
    - AppmazoFoundation
    - AppmazoUIKit

EXTERNAL SOURCES:
  AMZAlertController:
    :path: "../"

SPEC CHECKSUMS:
  AMZAlertController: 9445097eca6509d201a97faa0a8b7db0864d60e1
  AppmazoFoundation: 2b66a952d7a3a00ea77358ebc7171a8355002ecf
  AppmazoUIKit: c5abc1a804590fbc0bcacbd5cd25272f1f503a33

PODFILE CHECKSUM: 5e9e78e80341e26f361cfba0ea4920b106ddd63b

COCOAPODS: 1.5.3
